Microsoft Visual Studio Solution File, Format Version 12.00
# Visual Studio 2012
Project("{FAE04EC0-301F-11D3-BF4B-00C04F79EFBC}") = "Digital Table Tennis", "Digital Table Tennis.csproj", "{F5EA2619-349E-40F5-8B8E-D5BA8F2AA22D}"
EndProject
Global
	GlobalSection(SolutionConfigurationPlatforms) = preSolution
	Debug|Any CPU = Debug|Any CPU
	ExportDebug|Any CPU = ExportDebug|Any CPU
	ExportRelease|Any CPU = ExportRelease|Any CPU
	EndGlobalSection
	GlobalSection(ProjectConfigurationPlatforms) = postSolution
		{F5EA2619-349E-40F5-8B8E-D5BA8F2AA22D}.Debug|Any CPU.ActiveCfg = Debug|Any CPU
		{F5EA2619-349E-40F5-8B8E-D5BA8F2AA22D}.Debug|Any CPU.Build.0 = Debug|Any CPU
		{F5EA2619-349E-40F5-8B8E-D5BA8F2AA22D}.ExportDebug|Any CPU.ActiveCfg = ExportDebug|Any CPU
		{F5EA2619-349E-40F5-8B8E-D5BA8F2AA22D}.ExportDebug|Any CPU.Build.0 = ExportDebug|Any CPU
		{F5EA2619-349E-40F5-8B8E-D5BA8F2AA22D}.ExportRelease|Any CPU.ActiveCfg = ExportRelease|Any CPU
		{F5EA2619-349E-40F5-8B8E-D5BA8F2AA22D}.ExportRelease|Any CPU.Build.0 = ExportRelease|Any CPU
	EndGlobalSection
EndGlobal
